// !$*UTF8*$!
{
	archiveVersion = 1;
	classes = {
	};
	objectVersion = 46;
	objects = {

/* Begin PBXBuildFile section */
		BF168BAE1B4C29DA00EFA303 /* FileKit.h in Headers */ = {isa = PBXBuildFile; fileRef = BF168BAD1B4C29DA00EFA303 /* FileKit.h */; settings = {ATTRIBUTES = (Public, ); }; };
		BF168BB41B4C29DA00EFA303 /* FileKit.framework in Frameworks */ = {isa = PBXBuildFile; fileRef = BF168BA81B4C29DA00EFA303 /* FileKit.framework */; };
		BF168BBB1B4C29DA00EFA303 /* FileKitTests.swift in Sources */ = {isa = PBXBuildFile; fileRef = BF168BBA1B4C29DA00EFA303 /* FileKitTests.swift */; };
/* End PBXBuildFile section */

/* Begin PBXContainerItemProxy section */
		BF168BB51B4C29DA00EFA303 /* PBXContainerItemProxy */ = {
			isa = PBXContainerItemProxy;
			containerPortal = BF168B9F1B4C29DA00EFA303 /* Project object */;
			proxyType = 1;
			remoteGlobalIDString = BF168BA71B4C29DA00EFA303;
			remoteInfo = FileKit;
		};
/* End PBXContainerItemProxy section */

/* Begin PBXFileReference section */
		BF168BA81B4C29DA00EFA303 /* FileKit.framework */ = {isa = PBXFileReference; explicitFileType = wrapper.framework; includeInIndex = 0; path = FileKit.framework; sourceTree = BUILT_PRODUCTS_DIR; };
		BF168BAC1B4C29DA00EFA303 /* Info.plist */ = {isa = PBXFileReference; lastKnownFileType = text.plist.xml; path = Info.plist; sourceTree = "<group>"; };
		BF168BAD1B4C29DA00EFA303 /* FileKit.h */ = {isa = PBXFileReference; lastKnownFileType = sourcecode.c.h; path = FileKit.h; sourceTree = "<group>"; };
		BF168BB31B4C29DA00EFA303 /* FileKitTests.xctest */ = {isa = PBXFileReference; explicitFileType = wrapper.cfbundle; includeInIndex = 0; path = FileKitTests.xctest; sourceTree = BUILT_PRODUCTS_DIR; };
		BF168BB91B4C29DA00EFA303 /* Info.plist */ = {isa = PBXFileReference; lastKnownFileType = text.plist.xml; path = Info.plist; sourceTree = "<group>"; };
		BF168BBA1B4C29DA00EFA303 /* FileKitTests.swift */ = {isa = PBXFileReference; lastKnownFileType = sourcecode.swift; path = FileKitTests.swift; sourceTree = "<group>"; };
/* End PBXFileReference section */

/* Begin PBXFrameworksBuildPhase section */
		BF168BA41B4C29DA00EFA303 /* Frameworks */ = {
			isa = PBXFrameworksBuildPhase;
			buildActionMask = 2147483647;
			files = (
			);
			runOnlyForDeploymentPostprocessing = 0;
		};
		BF168BB01B4C29DA00EFA303 /* Frameworks */ = {
			isa = PBXFrameworksBuildPhase;
			buildActionMask = 2147483647;
			files = (
				BF168BB41B4C29DA00EFA303 /* FileKit.framework in Frameworks */,
			);
			runOnlyForDeploymentPostprocessing = 0;
		};
/* End PBXFrameworksBuildPhase section */

/* Begin PBXGroup section */
		BF168B9E1B4C29DA00EFA303 = {
			isa = PBXGroup;
			children = (
				BF168BAA1B4C29DA00EFA303 /* FileKit */,
				BF168BB71B4C29DA00EFA303 /* FileKitTests */,
				BF168BA91B4C29DA00EFA303 /* Products */,
			);
			sourceTree = "<group>";
		};
		BF168BA91B4C29DA00EFA303 /* Products */ = {
			isa = PBXGroup;
			children = (
				BF168BA81B4C29DA00EFA303 /* FileKit.framework */,
				BF168BB31B4C29DA00EFA303 /* FileKitTests.xctest */,
			);
			name = Products;
			sourceTree = "<group>";
		};
		BF168BAA1B4C29DA00EFA303 /* FileKit */ = {
			isa = PBXGroup;
			children = (
				BF168BAD1B4C29DA00EFA303 /* FileKit.h */,
				BF168BAB1B4C29DA00EFA303 /* Supporting Files */,
			);
			path = FileKit;
			sourceTree = "<group>";
		};
		BF168BAB1B4C29DA00EFA303 /* Supporting Files */ = {
			isa = PBXGroup;
			children = (
				BF168BAC1B4C29DA00EFA303 /* Info.plist */,
			);
			name = "Supporting Files";
			sourceTree = "<group>";
		};
		BF168BB71B4C29DA00EFA303 /* FileKitTests */ = {
			isa = PBXGroup;
			children = (
				BF168BBA1B4C29DA00EFA303 /* FileKitTests.swift */,
				BF168BB81B4C29DA00EFA303 /* Supporting Files */,
			);
			path = FileKitTests;
			sourceTree = "<group>";
		};
		BF168BB81B4C29DA00EFA303 /* Supporting Files */ = {
			isa = PBXGroup;
			children = (
				BF168BB91B4C29DA00EFA303 /* Info.plist */,
			);
			name = "Supporting Files";
			sourceTree = "<group>";
		};
/* End PBXGroup section */

/* Begin PBXHeadersBuildPhase section */
		BF168BA51B4C29DA00EFA303 /* Headers */ = {
			isa = PBXHeadersBuildPhase;
			buildActionMask = 2147483647;
			files = (
				BF168BAE1B4C29DA00EFA303 /* FileKit.h in Headers */,
			);
			runOnlyForDeploymentPostprocessing = 0;
		};
/* End PBXHeadersBuildPhase section */

/* Begin PBXNativeTarget section */
		BF168BA71B4C29DA00EFA303 /* FileKit */ = {
			isa = PBXNativeTarget;
			buildConfigurationList = BF168BBE1B4C29DA00EFA303 /* Build configuration list for PBXNativeTarget "FileKit" */;
			buildPhases = (
				BF168BA31B4C29DA00EFA303 /* Sources */,
				BF168BA41B4C29DA00EFA303 /* Frameworks */,
				BF168BA51B4C29DA00EFA303 /* Headers */,
				BF168BA61B4C29DA00EFA303 /* Resources */,
			);
			buildRules = (
			);
			dependencies = (
			);
			name = FileKit;
			productName = FileKit;
			productReference = BF168BA81B4C29DA00EFA303 /* FileKit.framework */;
			productType = "com.apple.product-type.framework";
		};
		BF168BB21B4C29DA00EFA303 /* FileKitTests */ = {
			isa = PBXNativeTarget;
			buildConfigurationList = BF168BC11B4C29DA00EFA303 /* Build configuration list for PBXNativeTarget "FileKitTests" */;
			buildPhases = (
				BF168BAF1B4C29DA00EFA303 /* Sources */,
				BF168BB01B4C29DA00EFA303 /* Frameworks */,
				BF168BB11B4C29DA00EFA303 /* Resources */,
			);
			buildRules = (
			);
			dependencies = (
				BF168BB61B4C29DA00EFA303 /* PBXTargetDependency */,
			);
			name = FileKitTests;
			productName = FileKitTests;
			productReference = BF168BB31B4C29DA00EFA303 /* FileKitTests.xctest */;
			productType = "com.apple.product-type.bundle.unit-test";
		};
/* End PBXNativeTarget section */

/* Begin PBXProject section */
		BF168B9F1B4C29DA00EFA303 /* Project object */ = {
			isa = PBXProject;
			attributes = {
				LastUpgradeCheck = 0640;
				ORGANIZATIONNAME = "Skyler Layne";
				TargetAttributes = {
					BF168BA71B4C29DA00EFA303 = {
						CreatedOnToolsVersion = 6.4;
					};
					BF168BB21B4C29DA00EFA303 = {
						CreatedOnToolsVersion = 6.4;
					};
				};
			};
			buildConfigurationList = BF168BA21B4C29DA00EFA303 /* Build configuration list for PBXProject "FileKit" */;
			compatibilityVersion = "Xcode 3.2";
			developmentRegion = English;
			hasScannedForEncodings = 0;
			knownRegions = (
				en,
			);
			mainGroup = BF168B9E1B4C29DA00EFA303;
			productRefGroup = BF168BA91B4C29DA00EFA303 /* Products */;
			projectDirPath = "";
			projectRoot = "";
			targets = (
				BF168BA71B4C29DA00EFA303 /* FileKit */,
				BF168BB21B4C29DA00EFA303 /* FileKitTests */,
			);
		};
/* End PBXProject section */

/* Begin PBXResourcesBuildPhase section */
		BF168BA61B4C29DA00EFA303 /* Resources */ = {
			isa = PBXResourcesBuildPhase;
			buildActionMask = 2147483647;
			files = (
			);
			runOnlyForDeploymentPostprocessing = 0;
		};
		BF168BB11B4C29DA00EFA303 /* Resources */ = {
			isa = PBXResourcesBuildPhase;
			buildActionMask = 2147483647;
			files = (
			);
			runOnlyForDeploymentPostprocessing = 0;
		};
/* End PBXResourcesBuildPhase section */

/* Begin PBXSourcesBuildPhase section */
		BF168BA31B4C29DA00EFA303 /* Sources */ = {
			isa = PBXSourcesBuildPhase;
			buildActionMask = 2147483647;
			files = (
			);
			runOnlyForDeploymentPostprocessing = 0;
		};
		BF168BAF1B4C29DA00EFA303 /* Sources */ = {
			isa = PBXSourcesBuildPhase;
			buildActionMask = 2147483647;
			files = (
				BF168BBB1B4C29DA00EFA303 /* FileKitTests.swift in Sources */,
			);
			runOnlyForDeploymentPostprocessing = 0;
		};
/* End PBXSourcesBuildPhase section */

/* Begin PBXTargetDependency section */
		BF168BB61B4C29DA00EFA303 /* PBXTargetDependency */ = {
			isa = PBXTargetDependency;
			target = BF168BA71B4C29DA00EFA303 /* FileKit */;
			targetProxy = BF168BB51B4C29DA00EFA303 /* PBXContainerItemProxy */;
		};
/* End PBXTargetDependency section */

/* Begin XCBuildConfiguration section */
		BF168BBC1B4C29DA00EFA303 /* Debug */ = {
			isa = XCBuildConfiguration;
			buildSettings = {
				ALWAYS_SEARCH_USER_PATHS = NO;
				CLANG_CXX_LANGUAGE_STANDARD = "gnu++0x";
				CLANG_CXX_LIBRARY = "libc++";
				CLANG_ENABLE_MODULES = YES;
				CLANG_ENABLE_OBJC_ARC = YES;
				CLANG_WARN_BOOL_CONVERSION = YES;
				CLANG_WARN_CONSTANT_CONVERSION = YES;
				CLANG_WARN_DIRECT_OBJC_ISA_USAGE = YES_ERROR;
				CLANG_WARN_EMPTY_BODY = YES;
				CLANG_WARN_ENUM_CONVERSION = YES;
				CLANG_WARN_INT_CONVERSION = YES;
				CLANG_WARN_OBJC_ROOT_CLASS = YES_ERROR;
				CLANG_WARN_UNREACHABLE_CODE = YES;
				CLANG_WARN__DUPLICATE_METHOD_MATCH = YES;
				COPY_PHASE_STRIP = NO;
				CURRENT_PROJECT_VERSION = 1;
				DEBUG_INFORMATION_FORMAT = dwarf;
				ENABLE_STRICT_OBJC_MSGSEND = YES;
				GCC_C_LANGUAGE_STANDARD = gnu99;
				GCC_DYNAMIC_NO_PIC = NO;
				GCC_NO_COMMON_BLOCKS = YES;
				GCC_OPTIMIZATION_LEVEL = 0;
				GCC_PREPROCESSOR_DEFINITIONS = (
					"DEBUG=1",
					"$(inherited)",
				);
				GCC_SYMBOLS_PRIVATE_EXTERN = NO;
				GCC_WARN_64_TO_32_BIT_CONVERSION = YES;
				GCC_WARN_ABOUT_RETURN_TYPE = YES_ERROR;
				GCC_WARN_UNDECLARED_SELECTOR = YES;
				GCC_WARN_UNINITIALIZED_AUTOS = YES_AGGRESSIVE;
				GCC_WARN_UNUSED_FUNCTION = YES;
				GCC_WARN_UNUSED_VARIABLE = YES;
				MACOSX_DEPLOYMENT_TARGET = 10.10;
				MTL_ENABLE_DEBUG_INFO = YES;
				ONLY_ACTIVE_ARCH = YES;
				SDKROOT = macosx;
				SWIFT_OPTIMIZATION_LEVEL = "-Onone";
				VERSIONING_SYSTEM = "apple-generic";
				VERSION_INFO_PREFIX = "";
			};
			name = Debug;
		};
		BF168BBD1B4C29DA00EFA303 /* Release */ = {
			isa = XCBuildConfiguration;
			buildSettings = {
				ALWAYS_SEARCH_USER_PATHS = NO;
				CLANG_CXX_LANGUAGE_STANDARD = "gnu++0x";
				CLANG_CXX_LIBRARY = "libc++";
				CLANG_ENABLE_MODULES = YES;
				CLANG_ENABLE_OBJC_ARC = YES;
				CLANG_WARN_BOOL_CONVERSION = YES;
				CLANG_WARN_CONSTANT_CONVERSION = YES;
				CLANG_WARN_DIRECT_OBJC_ISA_USAGE = YES_ERROR;
				CLANG_WARN_EMPTY_BODY = YES;
				CLANG_WARN_ENUM_CONVERSION = YES;
				CLANG_WARN_INT_CONVERSION = YES;
				CLANG_WARN_OBJC_ROOT_CLASS = YES_ERROR;
				CLANG_WARN_UNREACHABLE_CODE = YES;
				CLANG_WARN__DUPLICATE_METHOD_MATCH = YES;
				COPY_PHASE_STRIP = NO;
				CURRENT_PROJECT_VERSION = 1;
				DEBUG_INFORMATION_FORMAT = "dwarf-with-dsym";
				ENABLE_NS_ASSERTIONS = NO;
				ENABLE_STRICT_OBJC_MSGSEND = YES;
				GCC_C_LANGUAGE_STANDARD = gnu99;
				GCC_NO_COMMON_BLOCKS = YES;
				GCC_WARN_64_TO_32_BIT_CONVERSION = YES;
				GCC_WARN_ABOUT_RETURN_TYPE = YES_ERROR;
				GCC_WARN_UNDECLARED_SELECTOR = YES;
				GCC_WARN_UNINITIALIZED_AUTOS = YES_AGGRESSIVE;
				GCC_WARN_UNUSED_FUNCTION = YES;
				GCC_WARN_UNUSED_VARIABLE = YES;
				MACOSX_DEPLOYMENT_TARGET = 10.10;
				MTL_ENABLE_DEBUG_INFO = NO;
				SDKROOT = macosx;
				VERSIONING_SYSTEM = "apple-generic";
				VERSION_INFO_PREFIX = "";
			};
			name = Release;
		};
		BF168BBF1B4C29DA00EFA303 /* Debug */ = {
			isa = XCBuildConfiguration;
			buildSettings = {
				COMBINE_HIDPI_IMAGES = YES;
				DEFINES_MODULE = YES;
				DYLIB_COMPATIBILITY_VERSION = 1;
				DYLIB_CURRENT_VERSION = 1;
				DYLIB_INSTALL_NAME_BASE = "@rpath";
				FRAMEWORK_VERSION = A;
				INFOPLIST_FILE = FileKit/Info.plist;
				INSTALL_PATH = "$(LOCAL_LIBRARY_DIR)/Frameworks";
				LD_RUNPATH_SEARCH_PATHS = "$(inherited) @executable_path/../Frameworks @loader_path/Frameworks";
				PRODUCT_NAME = "$(TARGET_NAME)";
				SKIP_INSTALL = YES;
			};
			name = Debug;
		};
		BF168BC01B4C29DA00EFA303 /* Release */ = {
			isa = XCBuildConfiguration;
			buildSettings = {
				COMBINE_HIDPI_IMAGES = YES;
				DEFINES_MODULE = YES;
				DYLIB_COMPATIBILITY_VERSION = 1;
				DYLIB_CURRENT_VERSION = 1;
				DYLIB_INSTALL_NAME_BASE = "@rpath";
				FRAMEWORK_VERSION = A;
				INFOPLIST_FILE = FileKit/Info.plist;
				INSTALL_PATH = "$(LOCAL_LIBRARY_DIR)/Frameworks";
				LD_RUNPATH_SEARCH_PATHS = "$(inherited) @executable_path/../Frameworks @loader_path/Frameworks";
				PRODUCT_NAME = "$(TARGET_NAME)";
				SKIP_INSTALL = YES;
			};
			name = Release;
		};
		BF168BC21B4C29DA00EFA303 /* Debug */ = {
			isa = XCBuildConfiguration;
			buildSettings = {
				COMBINE_HIDPI_IMAGES = YES;
				FRAMEWORK_SEARCH_PATHS = (
					"$(DEVELOPER_FRAMEWORKS_DIR)",
					"$(inherited)",
				);
				GCC_PREPROCESSOR_DEFINITIONS = (
					"DEBUG=1",
					"$(inherited)",
				);
				INFOPLIST_FILE = FileKitTests/Info.plist;
				LD_RUNPATH_SEARCH_PATHS = "$(inherited) @executable_path/../Frameworks @loader_path/../Frameworks";
				PRODUCT_NAME = "$(TARGET_NAME)";
			};
			name = Debug;
		};
		BF168BC31B4C29DA00EFA303 /* Release */ = {
			isa = XCBuildConfiguration;
			buildSettings = {
				COMBINE_HIDPI_IMAGES = YES;
				FRAMEWORK_SEARCH_PATHS = (
					"$(DEVELOPER_FRAMEWORKS_DIR)",
					"$(inherited)",
				);
				INFOPLIST_FILE = FileKitTests/Info.plist;
				LD_RUNPATH_SEARCH_PATHS = "$(inherited) @executable_path/../Frameworks @loader_path/../Frameworks";
				PRODUCT_NAME = "$(TARGET_NAME)";
			};
			name = Release;
		};
/* End XCBuildConfiguration section */

/* Begin XCConfigurationList section */
		BF168BA21B4C29DA00EFA303 /* Build configuration list for PBXProject "FileKit" */ = {
			isa = XCConfigurationList;
			buildConfigurations = (
				BF168BBC1B4C29DA00EFA303 /* Debug */,
				BF168BBD1B4C29DA00EFA303 /* Release */,
			);
			defaultConfigurationIsVisible = 0;
			defaultConfigurationName = Release;
		};
		BF168BBE1B4C29DA00EFA303 /* Build configuration list for PBXNativeTarget "FileKit" */ = {
			isa = XCConfigurationList;
			buildConfigurations = (
				BF168BBF1B4C29DA00EFA303 /* Debug */,
				BF168BC01B4C29DA00EFA303 /* Release */,
			);
			defaultConfigurationIsVisible = 0;
		};
		BF168BC11B4C29DA00EFA303 /* Build configuration list for PBXNativeTarget "FileKitTests" */ = {
			isa = XCConfigurationList;
			buildConfigurations = (
				BF168BC21B4C29DA00EFA303 /* Debug */,
				BF168BC31B4C29DA00EFA303 /* Release */,
			);
			defaultConfigurationIsVisible = 0;
		};
/* End XCConfigurationList section */
	};
	rootObject = BF168B9F1B4C29DA00EFA303 /* Project object */;
}
